
Microsoft Visual Studio Solution File, Format Version 12.00
# Visual Studio Express 2012 for Windows Desktop
Project("{8BC9CEB8-8B4A-11D0-8D11-00A0C91BC942}") = "ProperEngine", "Javaportc++.vcxproj", "{3F2AF71F-0BD8-4D7E-B0BB-56EA329BF270}"
EndProject
Global
	GlobalSection(SolutionConfigurationPlatforms) = preSolution
		Debug|Mixed Platforms = Debug|Mixed Platforms
		Debug|Win32 = Debug|Win32
		Debug|x64 = Debug|x64
		Debug|x86 = Debug|x86
		MinSizeRel|Mixed Platforms = MinSizeRel|Mixed Platforms
		MinSizeRel|Win32 = MinSizeRel|Win32
		MinSizeRel|x64 = MinSizeRel|x64
		MinSizeRel|x86 = MinSizeRel|x86
		Release|Mixed Platforms = Release|Mixed Platforms
		Release|Win32 = Release|Win32
		Release|x64 = Release|x64
		Release|x86 = Release|x86
		RelWithDebInfo|Mixed Platforms = RelWithDebInfo|Mixed Platforms
		RelWithDebInfo|Win32 = RelWithDebInfo|Win32
		RelWithDebInfo|x64 = RelWithDebInfo|x64
		RelWithDebInfo|x86 = RelWithDebInfo|x86
	EndGlobalSection
	GlobalSection(ProjectConfigurationPlatforms) = postSolution
		{3F2AF71F-0BD8-4D7E-B0BB-56EA329BF270}.Debug|Mixed Platforms.ActiveCfg = Debug|Win32
		{3F2AF71F-0BD8-4D7E-B0BB-56EA329BF270}.Debug|Mixed Platforms.Build.0 = Debug|Win32
		{3F2AF71F-0BD8-4D7E-B0BB-56EA329BF270}.Debug|Win32.ActiveCfg = Debug|Win32
		{3F2AF71F-0BD8-4D7E-B0BB-56EA329BF270}.Debug|Win32.Build.0 = Debug|Win32
		{3F2AF71F-0BD8-4D7E-B0BB-56EA329BF270}.Debug|x64.ActiveCfg = Debug|Win32
		{3F2AF71F-0BD8-4D7E-B0BB-56EA329BF270}.Debug|x86.ActiveCfg = Debug|Win32
		{3F2AF71F-0BD8-4D7E-B0BB-56EA329BF270}.Debug|x86.Build.0 = Debug|Win32
		{3F2AF71F-0BD8-4D7E-B0BB-56EA329BF270}.MinSizeRel|Mixed Platforms.ActiveCfg = Release|Win32
		{3F2AF71F-0BD8-4D7E-B0BB-56EA329BF270}.MinSizeRel|Mixed Platforms.Build.0 = Release|Win32
		{3F2AF71F-0BD8-4D7E-B0BB-56EA329BF270}.MinSizeRel|Win32.ActiveCfg = Release|Win32
		{3F2AF71F-0BD8-4D7E-B0BB-56EA329BF270}.MinSizeRel|Win32.Build.0 = Release|Win32
		{3F2AF71F-0BD8-4D7E-B0BB-56EA329BF270}.MinSizeRel|x64.ActiveCfg = Release|Win32
		{3F2AF71F-0BD8-4D7E-B0BB-56EA329BF270}.MinSizeRel|x86.ActiveCfg = Release|Win32
		{3F2AF71F-0BD8-4D7E-B0BB-56EA329BF270}.MinSizeRel|x86.Build.0 = Release|Win32
		{3F2AF71F-0BD8-4D7E-B0BB-56EA329BF270}.Release|Mixed Platforms.ActiveCfg = Release|Win32
		{3F2AF71F-0BD8-4D7E-B0BB-56EA329BF270}.Release|Mixed Platforms.Build.0 = Release|Win32
		{3F2AF71F-0BD8-4D7E-B0BB-56EA329BF270}.Release|Win32.ActiveCfg = Release|Win32
		{3F2AF71F-0BD8-4D7E-B0BB-56EA329BF270}.Release|Win32.Build.0 = Release|Win32
		{3F2AF71F-0BD8-4D7E-B0BB-56EA329BF270}.Release|x64.ActiveCfg = Release|Win32
		{3F2AF71F-0BD8-4D7E-B0BB-56EA329BF270}.Release|x86.ActiveCfg = Release|Win32
		{3F2AF71F-0BD8-4D7E-B0BB-56EA329BF270}.Release|x86.Build.0 = Release|Win32
		{3F2AF71F-0BD8-4D7E-B0BB-56EA329BF270}.RelWithDebInfo|Mixed Platforms.ActiveCfg = Release|Win32
		{3F2AF71F-0BD8-4D7E-B0BB-56EA329BF270}.RelWithDebInfo|Mixed Platforms.Build.0 = Release|Win32
		{3F2AF71F-0BD8-4D7E-B0BB-56EA329BF270}.RelWithDebInfo|Win32.ActiveCfg = Release|Win32
		{3F2AF71F-0BD8-4D7E-B0BB-56EA329BF270}.RelWithDebInfo|Win32.Build.0 = Release|Win32
		{3F2AF71F-0BD8-4D7E-B0BB-56EA329BF270}.RelWithDebInfo|x64.ActiveCfg = Release|Win32
		{3F2AF71F-0BD8-4D7E-B0BB-56EA329BF270}.RelWithDebInfo|x86.ActiveCfg = Release|Win32
		{3F2AF71F-0BD8-4D7E-B0BB-56EA329BF270}.RelWithDebInfo|x86.Build.0 = Release|Win32
	EndGlobalSection
	GlobalSection(SolutionProperties) = preSolution
		HideSolutionNode = FALSE
	EndGlobalSection
EndGlobal
