<?xml version="1.0" encoding="UTF-8"?>
<Project ToolsVersion="4.0" xmlns="http://schemas.microsoft.com/developer/msbuild/2003">
  <ItemGroup>
    <ClCompile Include="C:\Users\Christian\Desktop\bullet3-2.83.6 (2)\bullet3-2.83.6\src\BulletSoftBody\btSoftBody.cpp">
      <Filter>Source Files</Filter>
    </ClCompile>
    <ClCompile Include="C:\Users\Christian\Desktop\bullet3-2.83.6 (2)\bullet3-2.83.6\src\BulletSoftBody\btSoftBodyConcaveCollisionAlgorithm.cpp">
      <Filter>Source Files</Filter>
    </ClCompile>
    <ClCompile Include="C:\Users\Christian\Desktop\bullet3-2.83.6 (2)\bullet3-2.83.6\src\BulletSoftBody\btSoftBodyHelpers.cpp">
      <Filter>Source Files</Filter>
    </ClCompile>
    <ClCompile Include="C:\Users\Christian\Desktop\bullet3-2.83.6 (2)\bullet3-2.83.6\src\BulletSoftBody\btSoftBodyRigidBodyCollisionConfiguration.cpp">
      <Filter>Source Files</Filter>
    </ClCompile>
    <ClCompile Include="C:\Users\Christian\Desktop\bullet3-2.83.6 (2)\bullet3-2.83.6\src\BulletSoftBody\btSoftRigidCollisionAlgorithm.cpp">
      <Filter>Source Files</Filter>
    </ClCompile>
    <ClCompile Include="C:\Users\Christian\Desktop\bullet3-2.83.6 (2)\bullet3-2.83.6\src\BulletSoftBody\btSoftRigidDynamicsWorld.cpp">
      <Filter>Source Files</Filter>
    </ClCompile>
    <ClCompile Include="C:\Users\Christian\Desktop\bullet3-2.83.6 (2)\bullet3-2.83.6\src\BulletSoftBody\btSoftSoftCollisionAlgorithm.cpp">
      <Filter>Source Files</Filter>
    </ClCompile>
    <ClCompile Include="C:\Users\Christian\Desktop\bullet3-2.83.6 (2)\bullet3-2.83.6\src\BulletSoftBody\btDefaultSoftBodySolver.cpp">
      <Filter>Source Files</Filter>
    </ClCompile>
  </ItemGroup>
  <ItemGroup>
    <ClInclude Include="C:\Users\Christian\Desktop\bullet3-2.83.6 (2)\bullet3-2.83.6\src\BulletSoftBody\btSoftBody.h">
      <Filter>Header Files</Filter>
    </ClInclude>
    <ClInclude Include="C:\Users\Christian\Desktop\bullet3-2.83.6 (2)\bullet3-2.83.6\src\BulletSoftBody\btSoftBodyData.h">
      <Filter>Header Files</Filter>
    </ClInclude>
    <ClInclude Include="C:\Users\Christian\Desktop\bullet3-2.83.6 (2)\bullet3-2.83.6\src\BulletSoftBody\btSoftBodyConcaveCollisionAlgorithm.h">
      <Filter>Header Files</Filter>
    </ClInclude>
    <ClInclude Include="C:\Users\Christian\Desktop\bullet3-2.83.6 (2)\bullet3-2.83.6\src\BulletSoftBody\btSoftBodyHelpers.h">
      <Filter>Header Files</Filter>
    </ClInclude>
    <ClInclude Include="C:\Users\Christian\Desktop\bullet3-2.83.6 (2)\bullet3-2.83.6\src\BulletSoftBody\btSoftBodyRigidBodyCollisionConfiguration.h">
      <Filter>Header Files</Filter>
    </ClInclude>
    <ClInclude Include="C:\Users\Christian\Desktop\bullet3-2.83.6 (2)\bullet3-2.83.6\src\BulletSoftBody\btSoftRigidCollisionAlgorithm.h">
      <Filter>Header Files</Filter>
    </ClInclude>
    <ClInclude Include="C:\Users\Christian\Desktop\bullet3-2.83.6 (2)\bullet3-2.83.6\src\BulletSoftBody\btSoftRigidDynamicsWorld.h">
      <Filter>Header Files</Filter>
    </ClInclude>
    <ClInclude Include="C:\Users\Christian\Desktop\bullet3-2.83.6 (2)\bullet3-2.83.6\src\BulletSoftBody\btSoftSoftCollisionAlgorithm.h">
      <Filter>Header Files</Filter>
    </ClInclude>
    <ClInclude Include="C:\Users\Christian\Desktop\bullet3-2.83.6 (2)\bullet3-2.83.6\src\BulletSoftBody\btSparseSDF.h">
      <Filter>Header Files</Filter>
    </ClInclude>
    <ClInclude Include="C:\Users\Christian\Desktop\bullet3-2.83.6 (2)\bullet3-2.83.6\src\BulletSoftBody\btSoftBodySolvers.h">
      <Filter>Header Files</Filter>
    </ClInclude>
    <ClInclude Include="C:\Users\Christian\Desktop\bullet3-2.83.6 (2)\bullet3-2.83.6\src\BulletSoftBody\btDefaultSoftBodySolver.h">
      <Filter>Header Files</Filter>
    </ClInclude>
    <ClInclude Include="C:\Users\Christian\Desktop\bullet3-2.83.6 (2)\bullet3-2.83.6\src\BulletSoftBody\btSoftBodySolverVertexBuffer.h">
      <Filter>Header Files</Filter>
    </ClInclude>
  </ItemGroup>
  <ItemGroup>
    <CustomBuild Include="C:\Users\Christian\Desktop\bullet3-2.83.6 (2)\bullet3-2.83.6\src\BulletSoftBody\CMakeLists.txt" />
  </ItemGroup>
  <ItemGroup>
    <Filter Include="Source Files">
      <UniqueIdentifier>{51EBF25F-D52C-402B-8E28-316A79B35810}</UniqueIdentifier>
    </Filter>
    <Filter Include="Header Files">
      <UniqueIdentifier>{D0D99705-0E9A-4045-89D9-0AECDDDB5964}</UniqueIdentifier>
    </Filter>
  </ItemGroup>
</Project>
