<?xml version="1.0" encoding="UTF-8"?>
<Project ToolsVersion="4.0" xmlns="http://schemas.microsoft.com/developer/msbuild/2003">
  <ItemGroup>
    <ClCompile Include="C:\Users\Christian\Desktop\bullet3-master\src\Bullet3Geometry\b3ConvexHullComputer.cpp">
      <Filter>Source Files</Filter>
    </ClCompile>
    <ClCompile Include="C:\Users\Christian\Desktop\bullet3-master\src\Bullet3Geometry\b3GeometryUtil.cpp">
      <Filter>Source Files</Filter>
    </ClCompile>
  </ItemGroup>
  <ItemGroup>
    <ClInclude Include="C:\Users\Christian\Desktop\bullet3-master\src\Bullet3Geometry\b3AabbUtil.h">
      <Filter>Header Files</Filter>
    </ClInclude>
    <ClInclude Include="C:\Users\Christian\Desktop\bullet3-master\src\Bullet3Geometry\b3ConvexHullComputer.h">
      <Filter>Header Files</Filter>
    </ClInclude>
    <ClInclude Include="C:\Users\Christian\Desktop\bullet3-master\src\Bullet3Geometry\b3GeometryUtil.h">
      <Filter>Header Files</Filter>
    </ClInclude>
    <ClInclude Include="C:\Users\Christian\Desktop\bullet3-master\src\Bullet3Geometry\b3GrahamScan2dConvexHull.h">
      <Filter>Header Files</Filter>
    </ClInclude>
  </ItemGroup>
  <ItemGroup>
    <CustomBuild Include="C:\Users\Christian\Desktop\bullet3-master\src\Bullet3Geometry\CMakeLists.txt" />
  </ItemGroup>
  <ItemGroup>
    <Filter Include="Source Files">
      <UniqueIdentifier>{0F938639-A4A8-4E94-8AFE-D2E755CC426E}</UniqueIdentifier>
    </Filter>
    <Filter Include="Header Files">
      <UniqueIdentifier>{14BF41BA-2194-409B-B352-8B4F8B7DD302}</UniqueIdentifier>
    </Filter>
  </ItemGroup>
</Project>
